
Microsoft Visual Studio Solution File, Format Version 12.00
# Visual Studio 15
VisualStudioVersion = 15.0.28010.2016
MinimumVisualStudioVersion = 10.0.40219.1
Project("{FAE04EC0-301F-11D3-BF4B-00C04F79EFBC}") = "StringExtension", "StringExtension\StringExtension.csproj", "{9F13A8FC-612B-4122-884F-E0B3E71C980F}"
EndProject
Global
	GlobalSection(SolutionConfigurationPlatforms) = preSolution
		Debug|Any CPU = Debug|Any CPU
		Release|Any CPU = Release|Any CPU
	EndGlobalSection
	GlobalSection(ProjectConfigurationPlatforms) = postSolution
		{9F13A8FC-612B-4122-884F-E0B3E71C980F}.Debug|Any CPU.ActiveCfg = Debug|Any CPU
		{9F13A8FC-612B-4122-884F-E0B3E71C980F}.Debug|Any CPU.Build.0 = Debug|Any CPU
		{9F13A8FC-612B-4122-884F-E0B3E71C980F}.Release|Any CPU.ActiveCfg = Release|Any CPU
		{9F13A8FC-612B-4122-884F-E0B3E71C980F}.Release|Any CPU.Build.0 = Release|Any CPU
	EndGlobalSection
	GlobalSection(SolutionProperties) = preSolution
		HideSolutionNode = FALSE
	EndGlobalSection
	GlobalSection(ExtensibilityGlobals) = postSolution
		SolutionGuid = {CFF19786-44D6-4CDD-9016-5E55606D96E4}
	EndGlobalSection
EndGlobal
